%{
  "asn1_compiler": {:hex, :asn1_compiler, "0.1.1", "64a4e52b59d1f225878445ace2c75cd2245b13a5a81182304fd9dc5acfc8994e", [:mix], [], "hexpm", "c250d24c22f1a3f305d88864400f9ac2df55c6886e1e3a030e2946efeb94695e"},
  "chumak": {:hex, :chumak, "1.4.0", "79eb44ba2da1e2a072c06bca1c79016c936423c6b8f826d6a7c2e22e046a3d40", [:rebar3], [], "hexpm", "a3a618a2cae0e3f8e844752e7f6f56c6231c5daef1a8de498a5973baa202cc5c"},
  "erlzmq": {:hex, :erlzmq_dnif, "4.1.3", "172c1a2af8ca70b71a1a856bedf9d6da618f90d01d2676e135b515b77f785c22", [:rebar3], [], "hexpm", "41db15d9731d760b329f398f3ef37cb1e31f6da7b3ff3050c5f68ba523f9d9d7"},
  "protobuf": {:hex, :protobuf, "0.12.0", "58c0dfea5f929b96b5aa54ec02b7130688f09d2de5ddc521d696eec2a015b223", [:mix], [{:jason, "~> 1.2", [hex: :jason, repo: "hexpm", optional: true]}], "hexpm", "75fa6cbf262062073dd51be44dd0ab940500e18386a6c4e87d5819a58964dc45"},
}
